
Microsoft Visual Studio Solution File, Format Version 12.00
# Visual Studio Version 17
VisualStudioVersion = 17.7.34003.232
MinimumVisualStudioVersion = 10.0.40219.1
Project("{FAE04EC0-301F-11D3-BF4B-00C04F79EFBC}") = "WindowsFormsApp3", "WindowsFormsApp3.csproj", "{342A11AC-3E23-4DCB-881E-9B4AECC430A0}"
EndProject
Global
	GlobalSection(SolutionConfigurationPlatforms) = preSolution
		Debug|Any CPU = Debug|Any CPU
		Release|Any CPU = Release|Any CPU
	EndGlobalSection
	GlobalSection(ProjectConfigurationPlatforms) = postSolution
		{342A11AC-3E23-4DCB-881E-9B4AECC430A0}.Debug|Any CPU.ActiveCfg = Debug|Any CPU
		{342A11AC-3E23-4DCB-881E-9B4AECC430A0}.Debug|Any CPU.Build.0 = Debug|Any CPU
		{342A11AC-3E23-4DCB-881E-9B4AECC430A0}.Release|Any CPU.ActiveCfg = Release|Any CPU
		{342A11AC-3E23-4DCB-881E-9B4AECC430A0}.Release|Any CPU.Build.0 = Release|Any CPU
	EndGlobalSection
	GlobalSection(SolutionProperties) = preSolution
		HideSolutionNode = FALSE
	EndGlobalSection
	GlobalSection(ExtensibilityGlobals) = postSolution
		SolutionGuid = {479E8B02-C5F3-4425-9B84-B8D03D8503FF}
	EndGlobalSection
EndGlobal
